// !$*UTF8*$!
{
	archiveVersion = 1;
	classes = {
	};
	objectVersion = 51;
	objects = {

/* Begin PBXBuildFile section */
		8AAB86E53ADBF60FD15A8941 /* Pods_eTour.framework in Frameworks */ = {isa = PBXBuildFile; fileRef = AF2A8CD2CE899EFC4F769B49 /* Pods_eTour.framework */; };
		FF78F5E92642D6E60003B56B /* AppDelegate.swift in Sources */ = {isa = PBXBuildFile; fileRef = FF78F5E82642D6E60003B56B /* AppDelegate.swift */; };
		FF78F5F02642D6E60003B56B /* Main.storyboard in Resources */ = {isa = PBXBuildFile; fileRef = FF78F5EE2642D6E60003B56B /* Main.storyboard */; };
		FF78F5F22642D6E80003B56B /* Assets.xcassets in Resources */ = {isa = PBXBuildFile; fileRef = FF78F5F12642D6E80003B56B /* Assets.xcassets */; };
		FF78F5F52642D6E80003B56B /* LaunchScreen.storyboard in Resources */ = {isa = PBXBuildFile; fileRef = FF78F5F32642D6E80003B56B /* LaunchScreen.storyboard */; };
/* End PBXBuildFile section */

/* Begin PBXFileReference section */
		739577D2416D6090D121C4E1 /* Pods-eTour.release.xcconfig */ = {isa = PBXFileReference; includeInIndex = 1; lastKnownFileType = text.xcconfig; name = "Pods-eTour.release.xcconfig"; path = "Target Support Files/Pods-eTour/Pods-eTour.release.xcconfig"; sourceTree = "<group>"; };
		849CB9490ED5B6D7FCE5E772 /* Pods-eTour.debug.xcconfig */ = {isa = PBXFileReference; includeInIndex = 1; lastKnownFileType = text.xcconfig; name = "Pods-eTour.debug.xcconfig"; path = "Target Support Files/Pods-eTour/Pods-eTour.debug.xcconfig"; sourceTree = "<group>"; };
		AF2A8CD2CE899EFC4F769B49 /* Pods_eTour.framework */ = {isa = PBXFileReference; explicitFileType = wrapper.framework; includeInIndex = 0; path = Pods_eTour.framework; sourceTree = BUILT_PRODUCTS_DIR; };
		FF78F5E52642D6E60003B56B /* eTour.app */ = {isa = PBXFileReference; explicitFileType = wrapper.application; includeInIndex = 0; path = eTour.app; sourceTree = BUILT_PRODUCTS_DIR; };
		FF78F5E82642D6E60003B56B /* AppDelegate.swift */ = {isa = PBXFileReference; lastKnownFileType = sourcecode.swift; path = AppDelegate.swift; sourceTree = "<group>"; };
		FF78F5EF2642D6E60003B56B /* Base */ = {isa = PBXFileReference; lastKnownFileType = file.storyboard; name = Base; path = Base.lproj/Main.storyboard; sourceTree = "<group>"; };
		FF78F5F12642D6E80003B56B /* Assets.xcassets */ = {isa = PBXFileReference; lastKnownFileType = folder.assetcatalog; path = Assets.xcassets; sourceTree = "<group>"; };
		FF78F5F42642D6E80003B56B /* Base */ = {isa = PBXFileReference; lastKnownFileType = file.storyboard; name = Base; path = Base.lproj/LaunchScreen.storyboard; sourceTree = "<group>"; };
		FF78F5F62642D6E80003B56B /* Info.plist */ = {isa = PBXFileReference; lastKnownFileType = text.plist.xml; path = Info.plist; sourceTree = "<group>"; };
/* End PBXFileReference section */

/* Begin PBXFrameworksBuildPhase section */
		FF78F5E22642D6E60003B56B /* Frameworks */ = {
			isa = PBXFrameworksBuildPhase;
			buildActionMask = 2147483647;
			files = (
				8AAB86E53ADBF60FD15A8941 /* Pods_eTour.framework in Frameworks */,
			);
			runOnlyForDeploymentPostprocessing = 0;
		};
/* End PBXFrameworksBuildPhase section */

/* Begin PBXGroup section */
		A28E9421A1FB7D980FF766C8 /* Frameworks */ = {
			isa = PBXGroup;
			children = (
				AF2A8CD2CE899EFC4F769B49 /* Pods_eTour.framework */,
			);
			name = Frameworks;
			sourceTree = "<group>";
		};
		E7792BF645126091AA076D51 /* Pods */ = {
			isa = PBXGroup;
			children = (
				849CB9490ED5B6D7FCE5E772 /* Pods-eTour.debug.xcconfig */,
				739577D2416D6090D121C4E1 /* Pods-eTour.release.xcconfig */,
			);
			path = Pods;
			sourceTree = "<group>";
		};
		FF78F5DC2642D6E60003B56B = {
			isa = PBXGroup;
			children = (
				FF78F5E72642D6E60003B56B /* eTour */,
				FF78F5E62642D6E60003B56B /* Products */,
				E7792BF645126091AA076D51 /* Pods */,
				A28E9421A1FB7D980FF766C8 /* Frameworks */,
			);
			sourceTree = "<group>";
		};
		FF78F5E62642D6E60003B56B /* Products */ = {
			isa = PBXGroup;
			children = (
				FF78F5E52642D6E60003B56B /* eTour.app */,
			);
			name = Products;
			sourceTree = "<group>";
		};
		FF78F5E72642D6E60003B56B /* eTour */ = {
			isa = PBXGroup;
			children = (
				FF78F5E82642D6E60003B56B /* AppDelegate.swift */,
				FF78F5EE2642D6E60003B56B /* Main.storyboard */,
				FF78F5F12642D6E80003B56B /* Assets.xcassets */,
				FF78F5F32642D6E80003B56B /* LaunchScreen.storyboard */,
				FF78F5F62642D6E80003B56B /* Info.plist */,
			);
			path = eTour;
			sourceTree = "<group>";
		};
/* End PBXGroup section */

/* Begin PBXNativeTarget section */
		FF78F5E42642D6E60003B56B /* eTour */ = {
			isa = PBXNativeTarget;
			buildConfigurationList = FF78F5F92642D6E80003B56B /* Build configuration list for PBXNativeTarget "eTour" */;
			buildPhases = (
				ADEABE77BC941446755861F3 /* [CP] Check Pods Manifest.lock */,
				2CFBDC482419E056A0CD178E /* [CP-User] Run Flutter Build imatraBeacon_flutter Script */,
				FF78F5E12642D6E60003B56B /* Sources */,
				FF78F5E22642D6E60003B56B /* Frameworks */,
				FF78F5E32642D6E60003B56B /* Resources */,
				10AD36E6C3ECD8FA61D96FE8 /* [CP] Embed Pods Frameworks */,
			);
			buildRules = (
			);
			dependencies = (
			);
			name = eTour;
			productName = eTour;
			productReference = FF78F5E52642D6E60003B56B /* eTour.app */;
			productType = "com.apple.product-type.application";
		};
/* End PBXNativeTarget section */

/* Begin PBXProject section */
		FF78F5DD2642D6E60003B56B /* Project object */ = {
			isa = PBXProject;
			attributes = {
				LastSwiftUpdateCheck = 1250;
				LastUpgradeCheck = 1250;
				TargetAttributes = {
					FF78F5E42642D6E60003B56B = {
						CreatedOnToolsVersion = 12.5;
					};
				};
			};
			buildConfigurationList = FF78F5E02642D6E60003B56B /* Build configuration list for PBXProject "eTour" */;
			compatibilityVersion = "Xcode 9.3";
			developmentRegion = en;
			hasScannedForEncodings = 0;
			knownRegions = (
				en,
				Base,
			);
			mainGroup = FF78F5DC2642D6E60003B56B;
			productRefGroup = FF78F5E62642D6E60003B56B /* Products */;
			projectDirPath = "";
			projectRoot = "";
			targets = (
				FF78F5E42642D6E60003B56B /* eTour */,
			);
		};
/* End PBXProject section */

/* Begin PBXResourcesBuildPhase section */
		FF78F5E32642D6E60003B56B /* Resources */ = {
			isa = PBXResourcesBuildPhase;
			buildActionMask = 2147483647;
			files = (
				FF78F5F52642D6E80003B56B /* LaunchScreen.storyboard in Resources */,
				FF78F5F22642D6E80003B56B /* Assets.xcassets in Resources */,
				FF78F5F02642D6E60003B56B /* Main.storyboard in Resources */,
			);
			runOnlyForDeploymentPostprocessing = 0;
		};
/* End PBXResourcesBuildPhase section */

/* Begin PBXShellScriptBuildPhase section */
		10AD36E6C3ECD8FA61D96FE8 /* [CP] Embed Pods Frameworks */ = {
			isa = PBXShellScriptBuildPhase;
			buildActionMask = 2147483647;
			files = (
			);
			inputFileListPaths = (
				"${PODS_ROOT}/Target Support Files/Pods-eTour/Pods-eTour-frameworks-${CONFIGURATION}-input-files.xcfilelist",
			);
			name = "[CP] Embed Pods Frameworks";
			outputFileListPaths = (
				"${PODS_ROOT}/Target Support Files/Pods-eTour/Pods-eTour-frameworks-${CONFIGURATION}-output-files.xcfilelist",
			);
			runOnlyForDeploymentPostprocessing = 0;
			shellPath = /bin/sh;
			shellScript = "\"${PODS_ROOT}/Target Support Files/Pods-eTour/Pods-eTour-frameworks.sh\"\n";
			showEnvVarsInLog = 0;
		};
		2CFBDC482419E056A0CD178E /* [CP-User] Run Flutter Build imatraBeacon_flutter Script */ = {
			isa = PBXShellScriptBuildPhase;
			buildActionMask = 2147483647;
			files = (
			);
			name = "[CP-User] Run Flutter Build imatraBeacon_flutter Script";
			runOnlyForDeploymentPostprocessing = 0;
			shellPath = /bin/sh;
			shellScript = "set -e\nset -u\nsource \"${SRCROOT}/../eTourFlutterModule/.ios/Flutter/flutter_export_environment.sh\"\nexport VERBOSE_SCRIPT_LOGGING=1 && \"$FLUTTER_ROOT\"/packages/flutter_tools/bin/xcode_backend.sh build";
		};
		ADEABE77BC941446755861F3 /* [CP] Check Pods Manifest.lock */ = {
			isa = PBXShellScriptBuildPhase;
			buildActionMask = 2147483647;
			files = (
			);
			inputFileListPaths = (
			);
			inputPaths = (
				"${PODS_PODFILE_DIR_PATH}/Podfile.lock",
				"${PODS_ROOT}/Manifest.lock",
			);
			name = "[CP] Check Pods Manifest.lock";
			outputFileListPaths = (
			);
			outputPaths = (
				"$(DERIVED_FILE_DIR)/Pods-eTour-checkManifestLockResult.txt",
			);
			runOnlyForDeploymentPostprocessing = 0;
			shellPath = /bin/sh;
			shellScript = "diff \"${PODS_PODFILE_DIR_PATH}/Podfile.lock\" \"${PODS_ROOT}/Manifest.lock\" > /dev/null\nif [ $? != 0 ] ; then\n    # print error to STDERR\n    echo \"error: The sandbox is not in sync with the Podfile.lock. Run 'pod install' or update your CocoaPods installation.\" >&2\n    exit 1\nfi\n# This output is used by Xcode 'outputs' to avoid re-running this script phase.\necho \"SUCCESS\" > \"${SCRIPT_OUTPUT_FILE_0}\"\n";
			showEnvVarsInLog = 0;
		};
/* End PBXShellScriptBuildPhase section */

/* Begin PBXSourcesBuildPhase section */
		FF78F5E12642D6E60003B56B /* Sources */ = {
			isa = PBXSourcesBuildPhase;
			buildActionMask = 2147483647;
			files = (
				FF78F5E92642D6E60003B56B /* AppDelegate.swift in Sources */,
			);
			runOnlyForDeploymentPostprocessing = 0;
		};
/* End PBXSourcesBuildPhase section */

/* Begin PBXVariantGroup section */
		FF78F5EE2642D6E60003B56B /* Main.storyboard */ = {
			isa = PBXVariantGroup;
			children = (
				FF78F5EF2642D6E60003B56B /* Base */,
			);
			name = Main.storyboard;
			sourceTree = "<group>";
		};
		FF78F5F32642D6E80003B56B /* LaunchScreen.storyboard */ = {
			isa = PBXVariantGroup;
			children = (
				FF78F5F42642D6E80003B56B /* Base */,
			);
			name = LaunchScreen.storyboard;
			sourceTree = "<group>";
		};
/* End PBXVariantGroup section */

/* Begin XCBuildConfiguration section */
		FF78F5F72642D6E80003B56B /* Debug */ = {
			isa = XCBuildConfiguration;
			buildSettings = {
				ALWAYS_SEARCH_USER_PATHS = NO;
				CLANG_ANALYZER_NONNULL = YES;
				CLANG_ANALYZER_NUMBER_OBJECT_CONVERSION = YES_AGGRESSIVE;
				CLANG_CXX_LANGUAGE_STANDARD = "gnu++14";
				CLANG_CXX_LIBRARY = "libc++";
				CLANG_ENABLE_MODULES = YES;
				CLANG_ENABLE_OBJC_ARC = YES;
				CLANG_ENABLE_OBJC_WEAK = YES;
				CLANG_WARN_BLOCK_CAPTURE_AUTORELEASING = YES;
				CLANG_WARN_BOOL_CONVERSION = YES;
				CLANG_WARN_COMMA = YES;
				CLANG_WARN_CONSTANT_CONVERSION = YES;
				CLANG_WARN_DEPRECATED_OBJC_IMPLEMENTATIONS = YES;
				CLANG_WARN_DIRECT_OBJC_ISA_USAGE = YES_ERROR;
				CLANG_WARN_DOCUMENTATION_COMMENTS = YES;
				CLANG_WARN_EMPTY_BODY = YES;
				CLANG_WARN_ENUM_CONVERSION = YES;
				CLANG_WARN_INFINITE_RECURSION = YES;
				CLANG_WARN_INT_CONVERSION = YES;
				CLANG_WARN_NON_LITERAL_NULL_CONVERSION = YES;
				CLANG_WARN_OBJC_IMPLICIT_RETAIN_SELF = YES;
				CLANG_WARN_OBJC_LITERAL_CONVERSION = YES;
				CLANG_WARN_OBJC_ROOT_CLASS = YES_ERROR;
				CLANG_WARN_QUOTED_INCLUDE_IN_FRAMEWORK_HEADER = YES;
				CLANG_WARN_RANGE_LOOP_ANALYSIS = YES;
				CLANG_WARN_STRICT_PROTOTYPES = YES;
				CLANG_WARN_SUSPICIOUS_MOVE = YES;
				CLANG_WARN_UNGUARDED_AVAILABILITY = YES_AGGRESSIVE;
				CLANG_WARN_UNREACHABLE_CODE = YES;
				CLANG_WARN__DUPLICATE_METHOD_MATCH = YES;
				COPY_PHASE_STRIP = NO;
				DEBUG_INFORMATION_FORMAT = dwarf;
				ENABLE_STRICT_OBJC_MSGSEND = YES;
				ENABLE_TESTABILITY = YES;
				GCC_C_LANGUAGE_STANDARD = gnu11;
				GCC_DYNAMIC_NO_PIC = NO;
				GCC_NO_COMMON_BLOCKS = YES;
				GCC_OPTIMIZATION_LEVEL = 0;
				GCC_PREPROCESSOR_DEFINITIONS = (
					"DEBUG=1",
					"$(inherited)",
				);
				GCC_WARN_64_TO_32_BIT_CONVERSION = YES;
				GCC_WARN_ABOUT_RETURN_TYPE = YES_ERROR;
				GCC_WARN_UNDECLARED_SELECTOR = YES;
				GCC_WARN_UNINITIALIZED_AUTOS = YES_AGGRESSIVE;
				GCC_WARN_UNUSED_FUNCTION = YES;
				GCC_WARN_UNUSED_VARIABLE = YES;
				IPHONEOS_DEPLOYMENT_TARGET = 14.5;
				MTL_ENABLE_DEBUG_INFO = INCLUDE_SOURCE;
				MTL_FAST_MATH = YES;
				ONLY_ACTIVE_ARCH = YES;
				SDKROOT = iphoneos;
				SWIFT_ACTIVE_COMPILATION_CONDITIONS = DEBUG;
				SWIFT_OPTIMIZATION_LEVEL = "-Onone";
			};
			name = Debug;
		};
		FF78F5F82642D6E80003B56B /* Release */ = {
			isa = XCBuildConfiguration;
			buildSettings = {
				ALWAYS_SEARCH_USER_PATHS = NO;
				CLANG_ANALYZER_NONNULL = YES;
				CLANG_ANALYZER_NUMBER_OBJECT_CONVERSION = YES_AGGRESSIVE;
				CLANG_CXX_LANGUAGE_STANDARD = "gnu++14";
				CLANG_CXX_LIBRARY = "libc++";
				CLANG_ENABLE_MODULES = YES;
				CLANG_ENABLE_OBJC_ARC = YES;
				CLANG_ENABLE_OBJC_WEAK = YES;
				CLANG_WARN_BLOCK_CAPTURE_AUTORELEASING = YES;
				CLANG_WARN_BOOL_CONVERSION = YES;
				CLANG_WARN_COMMA = YES;
				CLANG_WARN_CONSTANT_CONVERSION = YES;
				CLANG_WARN_DEPRECATED_OBJC_IMPLEMENTATIONS = YES;
				CLANG_WARN_DIRECT_OBJC_ISA_USAGE = YES_ERROR;
				CLANG_WARN_DOCUMENTATION_COMMENTS = YES;
				CLANG_WARN_EMPTY_BODY = YES;
				CLANG_WARN_ENUM_CONVERSION = YES;
				CLANG_WARN_INFINITE_RECURSION = YES;
				CLANG_WARN_INT_CONVERSION = YES;
				CLANG_WARN_NON_LITERAL_NULL_CONVERSION = YES;
				CLANG_WARN_OBJC_IMPLICIT_RETAIN_SELF = YES;
				CLANG_WARN_OBJC_LITERAL_CONVERSION = YES;
				CLANG_WARN_OBJC_ROOT_CLASS = YES_ERROR;
				CLANG_WARN_QUOTED_INCLUDE_IN_FRAMEWORK_HEADER = YES;
				CLANG_WARN_RANGE_LOOP_ANALYSIS = YES;
				CLANG_WARN_STRICT_PROTOTYPES = YES;
				CLANG_WARN_SUSPICIOUS_MOVE = YES;
				CLANG_WARN_UNGUARDED_AVAILABILITY = YES_AGGRESSIVE;
				CLANG_WARN_UNREACHABLE_CODE = YES;
				CLANG_WARN__DUPLICATE_METHOD_MATCH = YES;
				COPY_PHASE_STRIP = NO;
				DEBUG_INFORMATION_FORMAT = "dwarf-with-dsym";
				ENABLE_NS_ASSERTIONS = NO;
				ENABLE_STRICT_OBJC_MSGSEND = YES;
				GCC_C_LANGUAGE_STANDARD = gnu11;
				GCC_NO_COMMON_BLOCKS = YES;
				GCC_WARN_64_TO_32_BIT_CONVERSION = YES;
				GCC_WARN_ABOUT_RETURN_TYPE = YES_ERROR;
				GCC_WARN_UNDECLARED_SELECTOR = YES;
				GCC_WARN_UNINITIALIZED_AUTOS = YES_AGGRESSIVE;
				GCC_WARN_UNUSED_FUNCTION = YES;
				GCC_WARN_UNUSED_VARIABLE = YES;
				IPHONEOS_DEPLOYMENT_TARGET = 14.5;
				MTL_ENABLE_DEBUG_INFO = NO;
				MTL_FAST_MATH = YES;
				SDKROOT = iphoneos;
				SWIFT_COMPILATION_MODE = wholemodule;
				SWIFT_OPTIMIZATION_LEVEL = "-O";
				VALIDATE_PRODUCT = YES;
			};
			name = Release;
		};
		FF78F5FA2642D6E80003B56B /* Debug */ = {
			isa = XCBuildConfiguration;
			baseConfigurationReference = 849CB9490ED5B6D7FCE5E772 /* Pods-eTour.debug.xcconfig */;
			buildSettings = {
				ASSETCATALOG_COMPILER_APPICON_NAME = AppIcon;
				ASSETCATALOG_COMPILER_GLOBAL_ACCENT_COLOR_NAME = AccentColor;
				CODE_SIGN_STYLE = Automatic;
				DEVELOPMENT_TEAM = BN23Z9W597;
				INFOPLIST_FILE = eTour/Info.plist;
				IPHONEOS_DEPLOYMENT_TARGET = 10.0;
				LD_RUNPATH_SEARCH_PATHS = (
					"$(inherited)",
					"@executable_path/Frameworks",
				);
				PRODUCT_BUNDLE_IDENTIFIER = com.topipenttila.eTour;
				PRODUCT_NAME = "$(TARGET_NAME)";
				SWIFT_VERSION = 5.0;
				TARGETED_DEVICE_FAMILY = "1,2";
			};
			name = Debug;
		};
		FF78F5FB2642D6E80003B56B /* Release */ = {
			isa = XCBuildConfiguration;
			baseConfigurationReference = 739577D2416D6090D121C4E1 /* Pods-eTour.release.xcconfig */;
			buildSettings = {
				ASSETCATALOG_COMPILER_APPICON_NAME = AppIcon;
				ASSETCATALOG_COMPILER_GLOBAL_ACCENT_COLOR_NAME = AccentColor;
				CODE_SIGN_STYLE = Automatic;
				DEVELOPMENT_TEAM = BN23Z9W597;
				INFOPLIST_FILE = eTour/Info.plist;
				IPHONEOS_DEPLOYMENT_TARGET = 10.0;
				LD_RUNPATH_SEARCH_PATHS = (
					"$(inherited)",
					"@executable_path/Frameworks",
				);
				PRODUCT_BUNDLE_IDENTIFIER = com.topipenttila.eTour;
				PRODUCT_NAME = "$(TARGET_NAME)";
				SWIFT_VERSION = 5.0;
				TARGETED_DEVICE_FAMILY = "1,2";
			};
			name = Release;
		};
/* End XCBuildConfiguration section */

/* Begin XCConfigurationList section */
		FF78F5E02642D6E60003B56B /* Build configuration list for PBXProject "eTour" */ = {
			isa = XCConfigurationList;
			buildConfigurations = (
				FF78F5F72642D6E80003B56B /* Debug */,
				FF78F5F82642D6E80003B56B /* Release */,
			);
			defaultConfigurationIsVisible = 0;
			defaultConfigurationName = Release;
		};
		FF78F5F92642D6E80003B56B /* Build configuration list for PBXNativeTarget "eTour" */ = {
			isa = XCConfigurationList;
			buildConfigurations = (
				FF78F5FA2642D6E80003B56B /* Debug */,
				FF78F5FB2642D6E80003B56B /* Release */,
			);
			defaultConfigurationIsVisible = 0;
			defaultConfigurationName = Release;
		};
/* End XCConfigurationList section */
	};
	rootObject = FF78F5DD2642D6E60003B56B /* Project object */;
}
